
Microsoft Visual Studio Solution File, Format Version 12.00
# Visual Studio Version 17
VisualStudioVersion = 17.1.32328.378
MinimumVisualStudioVersion = 10.0.40219.1
Project("{9A19103F-16F7-4668-BE54-9A1E7A4F7556}") = "Training.Data", "Training.Data\Training.Data.csproj", "{B8FE6801-2D10-45E7-B5FD-D5CA14A5B208}"
EndProject
Project("{9A19103F-16F7-4668-BE54-9A1E7A4F7556}") = "Training.ViewModel", "Training.ViewModel\Training.ViewModel.csproj", "{266DDFD3-F328-4DAE-A425-2815842FFCA0}"
EndProject
Project("{9A19103F-16F7-4668-BE54-9A1E7A4F7556}") = "Training.AdminWebApplication", "Training.AdminWebApplication\Training.AdminWebApplication.csproj", "{147623DA-4246-4B34-8458-41A01520BA4B}"
EndProject
Project("{FAE04EC0-301F-11D3-BF4B-00C04F79EFBC}") = "Traning.ClientWebApplication", "Traning.ClientWebApplication\Traning.ClientWebApplication.csproj", "{A255252E-9A27-4BC3-852D-B5283073875D}"
EndProject
Project("{FAE04EC0-301F-11D3-BF4B-00C04F79EFBC}") = "Training.Service", "Training.Service\Training.Service.csproj", "{AC15E680-328C-4FAB-BF8B-155AA04A6DE5}"
EndProject
Global
	GlobalSection(SolutionConfigurationPlatforms) = preSolution
		Debug|Any CPU = Debug|Any CPU
		Release|Any CPU = Release|Any CPU
	EndGlobalSection
	GlobalSection(ProjectConfigurationPlatforms) = postSolution
		{B8FE6801-2D10-45E7-B5FD-D5CA14A5B208}.Debug|Any CPU.ActiveCfg = Debug|Any CPU
		{B8FE6801-2D10-45E7-B5FD-D5CA14A5B208}.Debug|Any CPU.Build.0 = Debug|Any CPU
		{B8FE6801-2D10-45E7-B5FD-D5CA14A5B208}.Release|Any CPU.ActiveCfg = Release|Any CPU
		{B8FE6801-2D10-45E7-B5FD-D5CA14A5B208}.Release|Any CPU.Build.0 = Release|Any CPU
		{266DDFD3-F328-4DAE-A425-2815842FFCA0}.Debug|Any CPU.ActiveCfg = Debug|Any CPU
		{266DDFD3-F328-4DAE-A425-2815842FFCA0}.Debug|Any CPU.Build.0 = Debug|Any CPU
		{266DDFD3-F328-4DAE-A425-2815842FFCA0}.Release|Any CPU.ActiveCfg = Release|Any CPU
		{266DDFD3-F328-4DAE-A425-2815842FFCA0}.Release|Any CPU.Build.0 = Release|Any CPU
		{147623DA-4246-4B34-8458-41A01520BA4B}.Debug|Any CPU.ActiveCfg = Debug|Any CPU
		{147623DA-4246-4B34-8458-41A01520BA4B}.Debug|Any CPU.Build.0 = Debug|Any CPU
		{147623DA-4246-4B34-8458-41A01520BA4B}.Release|Any CPU.ActiveCfg = Release|Any CPU
		{147623DA-4246-4B34-8458-41A01520BA4B}.Release|Any CPU.Build.0 = Release|Any CPU
		{A255252E-9A27-4BC3-852D-B5283073875D}.Debug|Any CPU.ActiveCfg = Debug|Any CPU
		{A255252E-9A27-4BC3-852D-B5283073875D}.Debug|Any CPU.Build.0 = Debug|Any CPU
		{A255252E-9A27-4BC3-852D-B5283073875D}.Release|Any CPU.ActiveCfg = Release|Any CPU
		{A255252E-9A27-4BC3-852D-B5283073875D}.Release|Any CPU.Build.0 = Release|Any CPU
		{AC15E680-328C-4FAB-BF8B-155AA04A6DE5}.Debug|Any CPU.ActiveCfg = Debug|Any CPU
		{AC15E680-328C-4FAB-BF8B-155AA04A6DE5}.Debug|Any CPU.Build.0 = Debug|Any CPU
		{AC15E680-328C-4FAB-BF8B-155AA04A6DE5}.Release|Any CPU.ActiveCfg = Release|Any CPU
		{AC15E680-328C-4FAB-BF8B-155AA04A6DE5}.Release|Any CPU.Build.0 = Release|Any CPU
	EndGlobalSection
	GlobalSection(SolutionProperties) = preSolution
		HideSolutionNode = FALSE
	EndGlobalSection
	GlobalSection(ExtensibilityGlobals) = postSolution
		SolutionGuid = {19807C90-E693-481C-9C9F-1DA172BA9AB2}
	EndGlobalSection
EndGlobal
